
Microsoft Visual Studio Solution File, Format Version 12.00
# Visual Studio 15
VisualStudioVersion = 15.0.28010.2003
MinimumVisualStudioVersion = 10.0.40219.1
Project("{2150E333-8FDC-42A3-9474-1A3956D46DE8}") = "010 Variabler", "010 Variabler", "{47863C65-BB5A-4606-9677-2B319D52E9EE}"
EndProject
Project("{FAE04EC0-301F-11D3-BF4B-00C04F79EFBC}") = "Variabler-tal", "Variabler-tal\Variabler-tal.csproj", "{8C603EFA-9A58-4B06-9443-E197E6E46B87}"
EndProject
Project("{FAE04EC0-301F-11D3-BF4B-00C04F79EFBC}") = "Variabler-datotid", "Variabler-DatoTid\Variabler-datotid.csproj", "{BB0DEB42-6D49-457E-9F54-D36A13D42BA3}"
EndProject
Project("{FAE04EC0-301F-11D3-BF4B-00C04F79EFBC}") = "Variabler-struct-enum", "Variabler-struct-enum\Variabler-struct-enum.csproj", "{C475D876-6DC6-41CC-AE9F-990B55326DBD}"
EndProject
Project("{FAE04EC0-301F-11D3-BF4B-00C04F79EFBC}") = "Variabler-tekst", "Variabler-tekst\Variabler-tekst.csproj", "{1D55A1EE-3930-4FE9-91C7-A4F9D94E1773}"
EndProject
Project("{2150E333-8FDC-42A3-9474-1A3956D46DE8}") = "020 Flow", "020 Flow", "{8DB10973-89AF-46BE-882C-88DF47CE73B8}"
EndProject
Project("{FAE04EC0-301F-11D3-BF4B-00C04F79EFBC}") = "Flow-for-if", "Flow-for-if\Flow-for-if.csproj", "{62040014-C81C-4E08-A9B4-9BE9986F09D5}"
EndProject
Project("{2150E333-8FDC-42A3-9474-1A3956D46DE8}") = "030 Metoder", "030 Metoder", "{BD042EEC-2B09-4ACA-8281-2DD60884886B}"
EndProject
Project("{FAE04EC0-301F-11D3-BF4B-00C04F79EFBC}") = "Metoder-simple", "metoder-simple\Metoder-simple.csproj", "{DB8722BD-F2F8-4312-8985-44C255F89FA5}"
EndProject
Project("{FAE04EC0-301F-11D3-BF4B-00C04F79EFBC}") = "Metoder-rekursiv", "metoder-rekursiv\Metoder-rekursiv.csproj", "{8F01B5FE-B3D1-40E1-8E87-F354EDF0430F}"
EndProject
Project("{FAE04EC0-301F-11D3-BF4B-00C04F79EFBC}") = "Metoder-overload", "metoder-overload\Metoder-overload.csproj", "{B0EE5656-536A-4574-80DD-DF43F4AE35FB}"
EndProject
Project("{2150E333-8FDC-42A3-9474-1A3956D46DE8}") = "040 Fejlhåndtering", "040 Fejlhåndtering", "{F2EC2426-9609-48FF-9C98-F2D2804D5E72}"
EndProject
Project("{FAE04EC0-301F-11D3-BF4B-00C04F79EFBC}") = "Fejlhåndtering-simpel", "Fejlhåndtering-Simpel\Fejlhåndtering-simpel.csproj", "{294AF716-DD62-460B-A4DD-8FAE72BD882A}"
EndProject
Project("{FAE04EC0-301F-11D3-BF4B-00C04F79EFBC}") = "Fejlhåndtering-egenexception", "Fejlhåndtering-egenexception\Fejlhåndtering-egenexception.csproj", "{0D60F2E4-987C-4866-BA07-B6ECEF833963}"
EndProject
Project("{2150E333-8FDC-42A3-9474-1A3956D46DE8}") = "050 Hukommelse", "050 Hukommelse", "{33F0AFDC-8B50-4734-AC67-846EE31387FB}"
EndProject
Project("{FAE04EC0-301F-11D3-BF4B-00C04F79EFBC}") = "Hukommelse-struct-class", "Hukommelse-struct-class\Hukommelse-struct-class.csproj", "{415EA82F-03CE-499A-AEC6-0C6D5E2954A6}"
EndProject
Project("{2150E333-8FDC-42A3-9474-1A3956D46DE8}") = "060 Klasser", "060 Klasser", "{FC38DEEA-FD81-49EE-86CF-E2D158DA4318}"
EndProject
Project("{FAE04EC0-301F-11D3-BF4B-00C04F79EFBC}") = "Klasser-simpel", "Klasser-simpel\Klasser-simpel.csproj", "{B2366CB0-2FBB-4D47-9E69-F31D29558D49}"
EndProject
Project("{FAE04EC0-301F-11D3-BF4B-00C04F79EFBC}") = "Klasser-terning", "Klasser-terning\Klasser-terning.csproj", "{0804C663-0B3A-4F41-84F8-29560CE45D8E}"
EndProject
Project("{2150E333-8FDC-42A3-9474-1A3956D46DE8}") = "070 Indkapsling", "070 Indkapsling", "{DFAE8CCF-5CC9-418C-9B3C-DAB11D598F0F}"
EndProject
Project("{FAE04EC0-301F-11D3-BF4B-00C04F79EFBC}") = "indkapsling-simpel-egenskab", "indkapsling-simpel-egenskab\indkapsling-simpel-egenskab.csproj", "{9F7E5501-972B-498B-A061-2B867EAF6BD5}"
EndProject
Project("{FAE04EC0-301F-11D3-BF4B-00C04F79EFBC}") = "indkapsling-automatisk-egenskab", "indkapsling-automatisk-egenskab\indkapsling-automatisk-egenskab.csproj", "{1FA06E27-605E-4C97-A9FD-9B9AEE71B950}"
EndProject
Project("{FAE04EC0-301F-11D3-BF4B-00C04F79EFBC}") = "indkapsling-getter-som-metode", "indkapsling-getter-som-metode\indkapsling-getter-som-metode.csproj", "{D67B378F-FC91-4940-AFF2-E21B5C2AF52E}"
EndProject
Project("{FAE04EC0-301F-11D3-BF4B-00C04F79EFBC}") = "indkapsling-terning", "indkapsling-terning\indkapsling-terning.csproj", "{B6B840A0-924A-4C20-932D-84D4AD21439F}"
EndProject
Project("{2150E333-8FDC-42A3-9474-1A3956D46DE8}") = "080 Arrays", "080 Arrays", "{420E0AD8-BE55-4972-A227-050D8A78CEC6}"
EndProject
Project("{FAE04EC0-301F-11D3-BF4B-00C04F79EFBC}") = "arrays-simpel", "arrays-simpel\arrays-simpel.csproj", "{0438615B-5A9C-45A5-ACF3-EAC21148FCBE}"
EndProject
Project("{FAE04EC0-301F-11D3-BF4B-00C04F79EFBC}") = "flow-break-continue", "flow-break-continue\flow-break-continue.csproj", "{2CF192E2-AD20-4BF8-A9BB-22A2FC4CCE5C}"
EndProject
Global
	GlobalSection(SolutionConfigurationPlatforms) = preSolution
		Debug|Any CPU = Debug|Any CPU
		Release|Any CPU = Release|Any CPU
	EndGlobalSection
	GlobalSection(ProjectConfigurationPlatforms) = postSolution
		{8C603EFA-9A58-4B06-9443-E197E6E46B87}.Debug|Any CPU.ActiveCfg = Debug|Any CPU
		{8C603EFA-9A58-4B06-9443-E197E6E46B87}.Debug|Any CPU.Build.0 = Debug|Any CPU
		{8C603EFA-9A58-4B06-9443-E197E6E46B87}.Release|Any CPU.ActiveCfg = Release|Any CPU
		{8C603EFA-9A58-4B06-9443-E197E6E46B87}.Release|Any CPU.Build.0 = Release|Any CPU
		{BB0DEB42-6D49-457E-9F54-D36A13D42BA3}.Debug|Any CPU.ActiveCfg = Debug|Any CPU
		{BB0DEB42-6D49-457E-9F54-D36A13D42BA3}.Debug|Any CPU.Build.0 = Debug|Any CPU
		{BB0DEB42-6D49-457E-9F54-D36A13D42BA3}.Release|Any CPU.ActiveCfg = Release|Any CPU
		{BB0DEB42-6D49-457E-9F54-D36A13D42BA3}.Release|Any CPU.Build.0 = Release|Any CPU
		{C475D876-6DC6-41CC-AE9F-990B55326DBD}.Debug|Any CPU.ActiveCfg = Debug|Any CPU
		{C475D876-6DC6-41CC-AE9F-990B55326DBD}.Debug|Any CPU.Build.0 = Debug|Any CPU
		{C475D876-6DC6-41CC-AE9F-990B55326DBD}.Release|Any CPU.ActiveCfg = Release|Any CPU
		{C475D876-6DC6-41CC-AE9F-990B55326DBD}.Release|Any CPU.Build.0 = Release|Any CPU
		{1D55A1EE-3930-4FE9-91C7-A4F9D94E1773}.Debug|Any CPU.ActiveCfg = Debug|Any CPU
		{1D55A1EE-3930-4FE9-91C7-A4F9D94E1773}.Debug|Any CPU.Build.0 = Debug|Any CPU
		{1D55A1EE-3930-4FE9-91C7-A4F9D94E1773}.Release|Any CPU.ActiveCfg = Release|Any CPU
		{1D55A1EE-3930-4FE9-91C7-A4F9D94E1773}.Release|Any CPU.Build.0 = Release|Any CPU
		{62040014-C81C-4E08-A9B4-9BE9986F09D5}.Debug|Any CPU.ActiveCfg = Debug|Any CPU
		{62040014-C81C-4E08-A9B4-9BE9986F09D5}.Debug|Any CPU.Build.0 = Debug|Any CPU
		{62040014-C81C-4E08-A9B4-9BE9986F09D5}.Release|Any CPU.ActiveCfg = Release|Any CPU
		{62040014-C81C-4E08-A9B4-9BE9986F09D5}.Release|Any CPU.Build.0 = Release|Any CPU
		{DB8722BD-F2F8-4312-8985-44C255F89FA5}.Debug|Any CPU.ActiveCfg = Debug|Any CPU
		{DB8722BD-F2F8-4312-8985-44C255F89FA5}.Debug|Any CPU.Build.0 = Debug|Any CPU
		{DB8722BD-F2F8-4312-8985-44C255F89FA5}.Release|Any CPU.ActiveCfg = Release|Any CPU
		{DB8722BD-F2F8-4312-8985-44C255F89FA5}.Release|Any CPU.Build.0 = Release|Any CPU
		{8F01B5FE-B3D1-40E1-8E87-F354EDF0430F}.Debug|Any CPU.ActiveCfg = Debug|Any CPU
		{8F01B5FE-B3D1-40E1-8E87-F354EDF0430F}.Debug|Any CPU.Build.0 = Debug|Any CPU
		{8F01B5FE-B3D1-40E1-8E87-F354EDF0430F}.Release|Any CPU.ActiveCfg = Release|Any CPU
		{8F01B5FE-B3D1-40E1-8E87-F354EDF0430F}.Release|Any CPU.Build.0 = Release|Any CPU
		{B0EE5656-536A-4574-80DD-DF43F4AE35FB}.Debug|Any CPU.ActiveCfg = Debug|Any CPU
		{B0EE5656-536A-4574-80DD-DF43F4AE35FB}.Debug|Any CPU.Build.0 = Debug|Any CPU
		{B0EE5656-536A-4574-80DD-DF43F4AE35FB}.Release|Any CPU.ActiveCfg = Release|Any CPU
		{B0EE5656-536A-4574-80DD-DF43F4AE35FB}.Release|Any CPU.Build.0 = Release|Any CPU
		{294AF716-DD62-460B-A4DD-8FAE72BD882A}.Debug|Any CPU.ActiveCfg = Debug|Any CPU
		{294AF716-DD62-460B-A4DD-8FAE72BD882A}.Debug|Any CPU.Build.0 = Debug|Any CPU
		{294AF716-DD62-460B-A4DD-8FAE72BD882A}.Release|Any CPU.ActiveCfg = Release|Any CPU
		{294AF716-DD62-460B-A4DD-8FAE72BD882A}.Release|Any CPU.Build.0 = Release|Any CPU
		{0D60F2E4-987C-4866-BA07-B6ECEF833963}.Debug|Any CPU.ActiveCfg = Debug|Any CPU
		{0D60F2E4-987C-4866-BA07-B6ECEF833963}.Debug|Any CPU.Build.0 = Debug|Any CPU
		{0D60F2E4-987C-4866-BA07-B6ECEF833963}.Release|Any CPU.ActiveCfg = Release|Any CPU
		{0D60F2E4-987C-4866-BA07-B6ECEF833963}.Release|Any CPU.Build.0 = Release|Any CPU
		{415EA82F-03CE-499A-AEC6-0C6D5E2954A6}.Debug|Any CPU.ActiveCfg = Debug|Any CPU
		{415EA82F-03CE-499A-AEC6-0C6D5E2954A6}.Debug|Any CPU.Build.0 = Debug|Any CPU
		{415EA82F-03CE-499A-AEC6-0C6D5E2954A6}.Release|Any CPU.ActiveCfg = Release|Any CPU
		{415EA82F-03CE-499A-AEC6-0C6D5E2954A6}.Release|Any CPU.Build.0 = Release|Any CPU
		{B2366CB0-2FBB-4D47-9E69-F31D29558D49}.Debug|Any CPU.ActiveCfg = Debug|Any CPU
		{B2366CB0-2FBB-4D47-9E69-F31D29558D49}.Debug|Any CPU.Build.0 = Debug|Any CPU
		{B2366CB0-2FBB-4D47-9E69-F31D29558D49}.Release|Any CPU.ActiveCfg = Release|Any CPU
		{B2366CB0-2FBB-4D47-9E69-F31D29558D49}.Release|Any CPU.Build.0 = Release|Any CPU
		{0804C663-0B3A-4F41-84F8-29560CE45D8E}.Debug|Any CPU.ActiveCfg = Debug|Any CPU
		{0804C663-0B3A-4F41-84F8-29560CE45D8E}.Debug|Any CPU.Build.0 = Debug|Any CPU
		{0804C663-0B3A-4F41-84F8-29560CE45D8E}.Release|Any CPU.ActiveCfg = Release|Any CPU
		{0804C663-0B3A-4F41-84F8-29560CE45D8E}.Release|Any CPU.Build.0 = Release|Any CPU
		{9F7E5501-972B-498B-A061-2B867EAF6BD5}.Debug|Any CPU.ActiveCfg = Debug|Any CPU
		{9F7E5501-972B-498B-A061-2B867EAF6BD5}.Debug|Any CPU.Build.0 = Debug|Any CPU
		{9F7E5501-972B-498B-A061-2B867EAF6BD5}.Release|Any CPU.ActiveCfg = Release|Any CPU
		{9F7E5501-972B-498B-A061-2B867EAF6BD5}.Release|Any CPU.Build.0 = Release|Any CPU
		{1FA06E27-605E-4C97-A9FD-9B9AEE71B950}.Debug|Any CPU.ActiveCfg = Debug|Any CPU
		{1FA06E27-605E-4C97-A9FD-9B9AEE71B950}.Debug|Any CPU.Build.0 = Debug|Any CPU
		{1FA06E27-605E-4C97-A9FD-9B9AEE71B950}.Release|Any CPU.ActiveCfg = Release|Any CPU
		{1FA06E27-605E-4C97-A9FD-9B9AEE71B950}.Release|Any CPU.Build.0 = Release|Any CPU
		{D67B378F-FC91-4940-AFF2-E21B5C2AF52E}.Debug|Any CPU.ActiveCfg = Debug|Any CPU
		{D67B378F-FC91-4940-AFF2-E21B5C2AF52E}.Debug|Any CPU.Build.0 = Debug|Any CPU
		{D67B378F-FC91-4940-AFF2-E21B5C2AF52E}.Release|Any CPU.ActiveCfg = Release|Any CPU
		{D67B378F-FC91-4940-AFF2-E21B5C2AF52E}.Release|Any CPU.Build.0 = Release|Any CPU
		{B6B840A0-924A-4C20-932D-84D4AD21439F}.Debug|Any CPU.ActiveCfg = Debug|Any CPU
		{B6B840A0-924A-4C20-932D-84D4AD21439F}.Debug|Any CPU.Build.0 = Debug|Any CPU
		{B6B840A0-924A-4C20-932D-84D4AD21439F}.Release|Any CPU.ActiveCfg = Release|Any CPU
		{B6B840A0-924A-4C20-932D-84D4AD21439F}.Release|Any CPU.Build.0 = Release|Any CPU
		{0438615B-5A9C-45A5-ACF3-EAC21148FCBE}.Debug|Any CPU.ActiveCfg = Debug|Any CPU
		{0438615B-5A9C-45A5-ACF3-EAC21148FCBE}.Debug|Any CPU.Build.0 = Debug|Any CPU
		{0438615B-5A9C-45A5-ACF3-EAC21148FCBE}.Release|Any CPU.ActiveCfg = Release|Any CPU
		{0438615B-5A9C-45A5-ACF3-EAC21148FCBE}.Release|Any CPU.Build.0 = Release|Any CPU
		{2CF192E2-AD20-4BF8-A9BB-22A2FC4CCE5C}.Debug|Any CPU.ActiveCfg = Debug|Any CPU
		{2CF192E2-AD20-4BF8-A9BB-22A2FC4CCE5C}.Debug|Any CPU.Build.0 = Debug|Any CPU
		{2CF192E2-AD20-4BF8-A9BB-22A2FC4CCE5C}.Release|Any CPU.ActiveCfg = Release|Any CPU
		{2CF192E2-AD20-4BF8-A9BB-22A2FC4CCE5C}.Release|Any CPU.Build.0 = Release|Any CPU
	EndGlobalSection
	GlobalSection(SolutionProperties) = preSolution
		HideSolutionNode = FALSE
	EndGlobalSection
	GlobalSection(NestedProjects) = preSolution
		{8C603EFA-9A58-4B06-9443-E197E6E46B87} = {47863C65-BB5A-4606-9677-2B319D52E9EE}
		{BB0DEB42-6D49-457E-9F54-D36A13D42BA3} = {47863C65-BB5A-4606-9677-2B319D52E9EE}
		{C475D876-6DC6-41CC-AE9F-990B55326DBD} = {47863C65-BB5A-4606-9677-2B319D52E9EE}
		{1D55A1EE-3930-4FE9-91C7-A4F9D94E1773} = {47863C65-BB5A-4606-9677-2B319D52E9EE}
		{62040014-C81C-4E08-A9B4-9BE9986F09D5} = {8DB10973-89AF-46BE-882C-88DF47CE73B8}
		{DB8722BD-F2F8-4312-8985-44C255F89FA5} = {BD042EEC-2B09-4ACA-8281-2DD60884886B}
		{8F01B5FE-B3D1-40E1-8E87-F354EDF0430F} = {BD042EEC-2B09-4ACA-8281-2DD60884886B}
		{B0EE5656-536A-4574-80DD-DF43F4AE35FB} = {BD042EEC-2B09-4ACA-8281-2DD60884886B}
		{294AF716-DD62-460B-A4DD-8FAE72BD882A} = {F2EC2426-9609-48FF-9C98-F2D2804D5E72}
		{0D60F2E4-987C-4866-BA07-B6ECEF833963} = {F2EC2426-9609-48FF-9C98-F2D2804D5E72}
		{415EA82F-03CE-499A-AEC6-0C6D5E2954A6} = {33F0AFDC-8B50-4734-AC67-846EE31387FB}
		{B2366CB0-2FBB-4D47-9E69-F31D29558D49} = {FC38DEEA-FD81-49EE-86CF-E2D158DA4318}
		{0804C663-0B3A-4F41-84F8-29560CE45D8E} = {FC38DEEA-FD81-49EE-86CF-E2D158DA4318}
		{9F7E5501-972B-498B-A061-2B867EAF6BD5} = {DFAE8CCF-5CC9-418C-9B3C-DAB11D598F0F}
		{1FA06E27-605E-4C97-A9FD-9B9AEE71B950} = {DFAE8CCF-5CC9-418C-9B3C-DAB11D598F0F}
		{D67B378F-FC91-4940-AFF2-E21B5C2AF52E} = {DFAE8CCF-5CC9-418C-9B3C-DAB11D598F0F}
		{B6B840A0-924A-4C20-932D-84D4AD21439F} = {DFAE8CCF-5CC9-418C-9B3C-DAB11D598F0F}
		{0438615B-5A9C-45A5-ACF3-EAC21148FCBE} = {420E0AD8-BE55-4972-A227-050D8A78CEC6}
		{2CF192E2-AD20-4BF8-A9BB-22A2FC4CCE5C} = {8DB10973-89AF-46BE-882C-88DF47CE73B8}
	EndGlobalSection
	GlobalSection(ExtensibilityGlobals) = postSolution
		SolutionGuid = {C5230236-959F-46F7-85A7-E22F0BD44887}
	EndGlobalSection
EndGlobal
