
Microsoft Visual Studio Solution File, Format Version 12.00
# Visual Studio 15
VisualStudioVersion = 15.0.28010.2003
MinimumVisualStudioVersion = 10.0.40219.1
Project("{2150E333-8FDC-42A3-9474-1A3956D46DE8}") = "010 Variabler", "010 Variabler", "{47863C65-BB5A-4606-9677-2B319D52E9EE}"
EndProject
Project("{FAE04EC0-301F-11D3-BF4B-00C04F79EFBC}") = "Variabler-tal", "Variabler-tal\Variabler-tal.csproj", "{8C603EFA-9A58-4B06-9443-E197E6E46B87}"
EndProject
Project("{FAE04EC0-301F-11D3-BF4B-00C04F79EFBC}") = "Variabler-datotid", "Variabler-DatoTid\Variabler-datotid.csproj", "{BB0DEB42-6D49-457E-9F54-D36A13D42BA3}"
EndProject
Project("{FAE04EC0-301F-11D3-BF4B-00C04F79EFBC}") = "Variabler-struct-enum", "Variabler-struct-enum\Variabler-struct-enum.csproj", "{C475D876-6DC6-41CC-AE9F-990B55326DBD}"
EndProject
Project("{FAE04EC0-301F-11D3-BF4B-00C04F79EFBC}") = "Variabler-tekst", "Variabler-tekst\Variabler-tekst.csproj", "{1D55A1EE-3930-4FE9-91C7-A4F9D94E1773}"
EndProject
Project("{2150E333-8FDC-42A3-9474-1A3956D46DE8}") = "020 Flow", "020 Flow", "{8DB10973-89AF-46BE-882C-88DF47CE73B8}"
EndProject
Project("{FAE04EC0-301F-11D3-BF4B-00C04F79EFBC}") = "Flow-for-if", "Flow-for-if\Flow-for-if.csproj", "{62040014-C81C-4E08-A9B4-9BE9986F09D5}"
EndProject
Project("{2150E333-8FDC-42A3-9474-1A3956D46DE8}") = "030 Metoder", "030 Metoder", "{BD042EEC-2B09-4ACA-8281-2DD60884886B}"
EndProject
Project("{FAE04EC0-301F-11D3-BF4B-00C04F79EFBC}") = "Metoder-simple", "metoder-simple\Metoder-simple.csproj", "{DB8722BD-F2F8-4312-8985-44C255F89FA5}"
EndProject
Project("{FAE04EC0-301F-11D3-BF4B-00C04F79EFBC}") = "Metoder-rekursiv", "metoder-rekursiv\Metoder-rekursiv.csproj", "{8F01B5FE-B3D1-40E1-8E87-F354EDF0430F}"
EndProject
Project("{FAE04EC0-301F-11D3-BF4B-00C04F79EFBC}") = "Metoder-overload", "metoder-overload\Metoder-overload.csproj", "{B0EE5656-536A-4574-80DD-DF43F4AE35FB}"
EndProject
Project("{2150E333-8FDC-42A3-9474-1A3956D46DE8}") = "040 Fejlhåndtering", "040 Fejlhåndtering", "{F2EC2426-9609-48FF-9C98-F2D2804D5E72}"
EndProject
Project("{FAE04EC0-301F-11D3-BF4B-00C04F79EFBC}") = "Fejlhåndtering-simpel", "Fejlhåndtering-Simpel\Fejlhåndtering-simpel.csproj", "{294AF716-DD62-460B-A4DD-8FAE72BD882A}"
EndProject
Project("{FAE04EC0-301F-11D3-BF4B-00C04F79EFBC}") = "Fejlhåndtering-egenexception", "Fejlhåndtering-egenexception\Fejlhåndtering-egenexception.csproj", "{0D60F2E4-987C-4866-BA07-B6ECEF833963}"
EndProject
Project("{2150E333-8FDC-42A3-9474-1A3956D46DE8}") = "050 Hukommelse", "050 Hukommelse", "{33F0AFDC-8B50-4734-AC67-846EE31387FB}"
EndProject
Project("{FAE04EC0-301F-11D3-BF4B-00C04F79EFBC}") = "Hukommelse-struct-class", "Hukommelse-struct-class\Hukommelse-struct-class.csproj", "{415EA82F-03CE-499A-AEC6-0C6D5E2954A6}"
EndProject
Project("{2150E333-8FDC-42A3-9474-1A3956D46DE8}") = "060 Klasser", "060 Klasser", "{FC38DEEA-FD81-49EE-86CF-E2D158DA4318}"
EndProject
Project("{FAE04EC0-301F-11D3-BF4B-00C04F79EFBC}") = "Klasser-simpel", "Klasser-simpel\Klasser-simpel.csproj", "{B2366CB0-2FBB-4D47-9E69-F31D29558D49}"
EndProject
Project("{FAE04EC0-301F-11D3-BF4B-00C04F79EFBC}") = "Klasser-terning", "Klasser-terning\Klasser-terning.csproj", "{0804C663-0B3A-4F41-84F8-29560CE45D8E}"
EndProject
Project("{2150E333-8FDC-42A3-9474-1A3956D46DE8}") = "070 Indkapsling", "070 Indkapsling", "{DFAE8CCF-5CC9-418C-9B3C-DAB11D598F0F}"
EndProject
Project("{FAE04EC0-301F-11D3-BF4B-00C04F79EFBC}") = "indkapsling-simpel-egenskab", "indkapsling-simpel-egenskab\indkapsling-simpel-egenskab.csproj", "{9F7E5501-972B-498B-A061-2B867EAF6BD5}"
EndProject
Project("{FAE04EC0-301F-11D3-BF4B-00C04F79EFBC}") = "indkapsling-automatisk-egenskab", "indkapsling-automatisk-egenskab\indkapsling-automatisk-egenskab.csproj", "{1FA06E27-605E-4C97-A9FD-9B9AEE71B950}"
EndProject
Project("{FAE04EC0-301F-11D3-BF4B-00C04F79EFBC}") = "indkapsling-getter-som-metode", "indkapsling-getter-som-metode\indkapsling-getter-som-metode.csproj", "{D67B378F-FC91-4940-AFF2-E21B5C2AF52E}"
EndProject
Project("{FAE04EC0-301F-11D3-BF4B-00C04F79EFBC}") = "indkapsling-terning", "indkapsling-terning\indkapsling-terning.csproj", "{B6B840A0-924A-4C20-932D-84D4AD21439F}"
EndProject
Project("{2150E333-8FDC-42A3-9474-1A3956D46DE8}") = "080 Arrays", "080 Arrays", "{420E0AD8-BE55-4972-A227-050D8A78CEC6}"
EndProject
Project("{FAE04EC0-301F-11D3-BF4B-00C04F79EFBC}") = "arrays-simpel", "arrays-simpel\arrays-simpel.csproj", "{0438615B-5A9C-45A5-ACF3-EAC21148FCBE}"
EndProject
Project("{FAE04EC0-301F-11D3-BF4B-00C04F79EFBC}") = "flow-break-continue", "flow-break-continue\flow-break-continue.csproj", "{2CF192E2-AD20-4BF8-A9BB-22A2FC4CCE5C}"
EndProject
Project("{2150E333-8FDC-42A3-9474-1A3956D46DE8}") = "090 Samlinger", "090 Samlinger", "{8346EB98-46B7-415C-A8F0-000FFA6673DF}"
EndProject
Project("{FAE04EC0-301F-11D3-BF4B-00C04F79EFBC}") = "samlinger-simpel", "ConsoleApp1\samlinger-simpel.csproj", "{0173671E-55A8-45A6-8135-3AD465602B44}"
EndProject
Project("{FAE04EC0-301F-11D3-BF4B-00C04F79EFBC}") = "samlinger-stack", "samlinger-stack\samlinger-stack.csproj", "{F4C4BFC5-FC71-4C73-8ED2-A91A85FC2385}"
EndProject
Project("{2150E333-8FDC-42A3-9474-1A3956D46DE8}") = "100 Arv", "100 Arv", "{712D8985-4E33-437C-BDBB-7A2629B2065D}"
EndProject
Project("{FAE04EC0-301F-11D3-BF4B-00C04F79EFBC}") = "arv-simpel", "arv-simpel\arv-simpel.csproj", "{9B24E1F8-15B1-45F4-8F77-4DBB0DC3A892}"
EndProject
Project("{FAE04EC0-301F-11D3-BF4B-00C04F79EFBC}") = "arv-random-udvid", "arv-random-udvid\arv-random-udvid.csproj", "{142696E7-12C0-421D-B0C1-E9A531E4A413}"
EndProject
Project("{FAE04EC0-301F-11D3-BF4B-00C04F79EFBC}") = "arv-terning-med-polymorfi", "arv-terning-med-polymorfi\arv-terning-med-polymorfi.csproj", "{B8D99D8D-AF57-49D9-996E-D00E76DCEA10}"
EndProject
Project("{FAE04EC0-301F-11D3-BF4B-00C04F79EFBC}") = "arv-terning-uden-polymorfi", "arv-terning-uden-polymorfi\arv-terning-uden-polymorfi.csproj", "{9A05F13E-8CA5-42CC-B42A-3ABE943AFF27}"
EndProject
Project("{FAE04EC0-301F-11D3-BF4B-00C04F79EFBC}") = "Metoder-statisk", "Metoder-statisk\Metoder-statisk.csproj", "{DD45A20A-EB5E-47AE-825E-5E308D20E394}"
EndProject
Project("{2150E333-8FDC-42A3-9474-1A3956D46DE8}") = "110 Interface", "110 Interface", "{49268C95-C4C9-4826-A12D-680379CBFB0F}"
EndProject
Project("{FAE04EC0-301F-11D3-BF4B-00C04F79EFBC}") = "interface-compare", "interface-compare\interface-compare.csproj", "{1BA25761-ABB7-4D0A-B263-695105B3C7B6}"
EndProject
Project("{FAE04EC0-301F-11D3-BF4B-00C04F79EFBC}") = "interface-using", "interface-using\interface-using.csproj", "{2F41E820-59A1-4D16-81EC-17922B0023A9}"
EndProject
Project("{FAE04EC0-301F-11D3-BF4B-00C04F79EFBC}") = "interface-eget-interface", "interface-eget-interface\interface-eget-interface.csproj", "{27746CCB-1247-489C-8344-742CE3C83D70}"
EndProject
Project("{FAE04EC0-301F-11D3-BF4B-00C04F79EFBC}") = "interface-di", "interface-di\interface-di.csproj", "{C4F2778D-1564-49EF-992C-5AEAA74AD668}"
EndProject
Project("{FAE04EC0-301F-11D3-BF4B-00C04F79EFBC}") = "klasser-statisk", "klasser-statisk\klasser-statisk.csproj", "{B5F5F404-C3B3-4332-9E4C-ADAFE59031DA}"
EndProject
Project("{FAE04EC0-301F-11D3-BF4B-00C04F79EFBC}") = "metoder-nullable", "variabler-nullable\metoder-nullable.csproj", "{2B1A1515-5D30-49E5-A8C5-28041CBE5D23}"
EndProject
Project("{FAE04EC0-301F-11D3-BF4B-00C04F79EFBC}") = "arrays-split", "arrays-split\arrays-split.csproj", "{C129A1EE-DA10-42F9-A964-6D9F5C2DAA25}"
EndProject
Project("{FAE04EC0-301F-11D3-BF4B-00C04F79EFBC}") = "klasser-singleton", "klasser-singleton\klasser-singleton.csproj", "{82D8DCBD-9C86-4C7B-92EA-3E44F8F7BF47}"
EndProject
Project("{2150E333-8FDC-42A3-9474-1A3956D46DE8}") = "120 Delegates", "120 Delegates", "{9DBA3402-0D65-4538-A870-1D277010F40E}"
EndProject
Project("{FAE04EC0-301F-11D3-BF4B-00C04F79EFBC}") = "delegates-simpel-beregner", "delegates-simpel-beregner\delegates-simpel-beregner.csproj", "{1DF9BCE4-EF32-4C85-B609-9ACDACA43ED6}"
EndProject
Project("{FAE04EC0-301F-11D3-BF4B-00C04F79EFBC}") = "delegates-func-beregner", "delegates-func-beregner\delegates-func-beregner.csproj", "{D3B1D61F-11EF-472A-94F1-DEB4FC8A4F43}"
EndProject
Project("{FAE04EC0-301F-11D3-BF4B-00C04F79EFBC}") = "delegates-log", "delegates-log\delegates-log.csproj", "{DEA48FBD-44F4-4500-AA0F-88937BA0969E}"
EndProject
Project("{FAE04EC0-301F-11D3-BF4B-00C04F79EFBC}") = "delegates-lambda", "delegates-lambda\delegates-lambda.csproj", "{99E3CDF1-43FC-4E20-8061-DEAD2DF7992A}"
EndProject
Project("{FAE04EC0-301F-11D3-BF4B-00C04F79EFBC}") = "arv-abstrakt-klasse", "arv-abstrakt-klasse\arv-abstrakt-klasse.csproj", "{9005C7D8-B9EC-4502-B2AB-7489E70EB83E}"
EndProject
Project("{FAE04EC0-301F-11D3-BF4B-00C04F79EFBC}") = "arv-polymorfi-dyr", "arv-polymorfi-dyr\arv-polymorfi-dyr.csproj", "{DA4FBA0E-1E8B-43F4-AFB3-818C68EA66D3}"
EndProject
Project("{FAE04EC0-301F-11D3-BF4B-00C04F79EFBC}") = "arv-exception", "arv-exception\arv-exception.csproj", "{AE32D8D9-F07F-46BE-AB28-0CB89644CB60}"
EndProject
Project("{FAE04EC0-301F-11D3-BF4B-00C04F79EFBC}") = "arv-polymorfi-object", "arv-polymorfi-object\arv-polymorfi-object.csproj", "{1EDE37C5-D404-4BE8-B80A-B14EE4C76054}"
EndProject
Project("{2150E333-8FDC-42A3-9474-1A3956D46DE8}") = "125 Events", "125 Events", "{F3332CE6-17B2-462C-AA5B-BB6D3CE11F12}"
EndProject
Project("{FAE04EC0-301F-11D3-BF4B-00C04F79EFBC}") = "events-filewatcher", "events-filewatcher\events-filewatcher.csproj", "{68C63C38-43CB-437C-AAF1-7BF8150FB8D9}"
EndProject
Project("{FAE04EC0-301F-11D3-BF4B-00C04F79EFBC}") = "events-kreditmax", "events-kreditmax\events-kreditmax.csproj", "{A4865BF9-8946-4BA7-BB3B-0519CC25D84F}"
EndProject
Project("{2150E333-8FDC-42A3-9474-1A3956D46DE8}") = "300 OperatorOverload", "300 OperatorOverload", "{92DBBE8B-0F00-48C5-8E5C-54A08E390F37}"
EndProject
Project("{FAE04EC0-301F-11D3-BF4B-00C04F79EFBC}") = "operatoroverload-simpel", "operatoroverload-simpel\operatoroverload-simpel.csproj", "{45E9C9C4-6644-40DB-A9B8-11F8F1E22963}"
EndProject
Project("{2150E333-8FDC-42A3-9474-1A3956D46DE8}") = "290 Reflection", "290 Reflection", "{BD2A6845-614A-46D4-9C83-E8268E09FAA3}"
EndProject
Project("{FAE04EC0-301F-11D3-BF4B-00C04F79EFBC}") = "reflection-extension", "reflection-extension\reflection-extension.csproj", "{0672C274-6ABA-41E0-8BD2-7A6456B2FD9A}"
EndProject
Project("{2150E333-8FDC-42A3-9474-1A3956D46DE8}") = "150 LINQ2Objects", "150 LINQ2Objects", "{83631B37-17EA-4565-ABCC-C8FFC4C5F728}"
EndProject
Project("{FAE04EC0-301F-11D3-BF4B-00C04F79EFBC}") = "linq2objects-person", "linq2objects-person\linq2objects-person.csproj", "{81C6C489-4FF5-467C-8D2C-16F23E50EC74}"
EndProject
Project("{2150E333-8FDC-42A3-9474-1A3956D46DE8}") = "153 Linq2XML", "153 Linq2XML", "{C653D15D-8F7A-4918-843D-DF2A53A20A56}"
EndProject
Project("{FAE04EC0-301F-11D3-BF4B-00C04F79EFBC}") = "linq2xml-simpel", "linq2xml-simpel\linq2xml-simpel.csproj", "{E075E686-6524-4A26-A9A8-85295151224F}"
EndProject
Project("{2150E333-8FDC-42A3-9474-1A3956D46DE8}") = "900 Tools", "900 Tools", "{0226F319-A358-46B5-ABFF-043CA3E91F75}"
EndProject
Project("{FAE04EC0-301F-11D3-BF4B-00C04F79EFBC}") = "SetFooter", "SetFooter\SetFooter.csproj", "{0C48F946-41C0-41A8-B030-42D6C78162F2}"
EndProject
Project("{2150E333-8FDC-42A3-9474-1A3956D46DE8}") = "145 Dynamic", "145 Dynamic", "{25488A58-62B2-4B7F-95FA-233B26A3C370}"
EndProject
Project("{FAE04EC0-301F-11D3-BF4B-00C04F79EFBC}") = "dynamic-anonym", "dynamic-anonym\dynamic-anonym.csproj", "{A0BF98DC-1CF9-4204-8CCE-F5A7CFF0CA84}"
EndProject
Project("{2150E333-8FDC-42A3-9474-1A3956D46DE8}") = "165 IO", "165 IO", "{72A0EBF9-D732-4993-9F61-1915D6095837}"
EndProject
Project("{FAE04EC0-301F-11D3-BF4B-00C04F79EFBC}") = "io-brug-af-fileogdirectory", "io-brug-af-fileogdirectory\io-brug-af-fileogdirectory.csproj", "{E3EF7D79-1CF7-47CA-819A-F91C7FAA3FA7}"
EndProject
Project("{FAE04EC0-301F-11D3-BF4B-00C04F79EFBC}") = "io-brug-af-fileinfoogdirectoryinfo", "io-brug-af-fileinfoogdirectoryinfo\io-brug-af-fileinfoogdirectoryinfo.csproj", "{01D5A620-22FE-409C-9A15-960DD01740C1}"
EndProject
Project("{2150E333-8FDC-42A3-9474-1A3956D46DE8}") = "168 Data", "168 Data", "{A2FB4D6A-15B9-4FB8-B809-5D953D8BB84B}"
EndProject
Project("{FAE04EC0-301F-11D3-BF4B-00C04F79EFBC}") = "data-sqlite", "data-sqlite\data-sqlite.csproj", "{1B09742E-BE8A-4E6D-8433-05EB678E1C92}"
EndProject
Project("{2150E333-8FDC-42A3-9474-1A3956D46DE8}") = "170 Generics", "170 Generics", "{8F6A4123-7050-42C8-BDEB-AF99BFB25A00}"
EndProject
Project("{FAE04EC0-301F-11D3-BF4B-00C04F79EFBC}") = "gemerics-swap", "gemerics-swap\gemerics-swap.csproj", "{F7C4C904-52F2-481B-B55C-F4F77C2C6CC8}"
EndProject
Project("{FAE04EC0-301F-11D3-BF4B-00C04F79EFBC}") = "generics-klasse", "generics-klasse\generics-klasse.csproj", "{8EF13CCE-08D2-43F1-B470-AA05B11D2DDF}"
EndProject
Project("{FAE04EC0-301F-11D3-BF4B-00C04F79EFBC}") = "generic-terning", "generic-terning\generic-terning.csproj", "{0CB22466-09EF-4718-8D1F-73DBB9CC3DBC}"
EndProject
Global
	GlobalSection(SolutionConfigurationPlatforms) = preSolution
		Debug|Any CPU = Debug|Any CPU
		Release|Any CPU = Release|Any CPU
	EndGlobalSection
	GlobalSection(ProjectConfigurationPlatforms) = postSolution
		{8C603EFA-9A58-4B06-9443-E197E6E46B87}.Debug|Any CPU.ActiveCfg = Debug|Any CPU
		{8C603EFA-9A58-4B06-9443-E197E6E46B87}.Debug|Any CPU.Build.0 = Debug|Any CPU
		{8C603EFA-9A58-4B06-9443-E197E6E46B87}.Release|Any CPU.ActiveCfg = Release|Any CPU
		{8C603EFA-9A58-4B06-9443-E197E6E46B87}.Release|Any CPU.Build.0 = Release|Any CPU
		{BB0DEB42-6D49-457E-9F54-D36A13D42BA3}.Debug|Any CPU.ActiveCfg = Debug|Any CPU
		{BB0DEB42-6D49-457E-9F54-D36A13D42BA3}.Debug|Any CPU.Build.0 = Debug|Any CPU
		{BB0DEB42-6D49-457E-9F54-D36A13D42BA3}.Release|Any CPU.ActiveCfg = Release|Any CPU
		{BB0DEB42-6D49-457E-9F54-D36A13D42BA3}.Release|Any CPU.Build.0 = Release|Any CPU
		{C475D876-6DC6-41CC-AE9F-990B55326DBD}.Debug|Any CPU.ActiveCfg = Debug|Any CPU
		{C475D876-6DC6-41CC-AE9F-990B55326DBD}.Debug|Any CPU.Build.0 = Debug|Any CPU
		{C475D876-6DC6-41CC-AE9F-990B55326DBD}.Release|Any CPU.ActiveCfg = Release|Any CPU
		{C475D876-6DC6-41CC-AE9F-990B55326DBD}.Release|Any CPU.Build.0 = Release|Any CPU
		{1D55A1EE-3930-4FE9-91C7-A4F9D94E1773}.Debug|Any CPU.ActiveCfg = Debug|Any CPU
		{1D55A1EE-3930-4FE9-91C7-A4F9D94E1773}.Debug|Any CPU.Build.0 = Debug|Any CPU
		{1D55A1EE-3930-4FE9-91C7-A4F9D94E1773}.Release|Any CPU.ActiveCfg = Release|Any CPU
		{1D55A1EE-3930-4FE9-91C7-A4F9D94E1773}.Release|Any CPU.Build.0 = Release|Any CPU
		{62040014-C81C-4E08-A9B4-9BE9986F09D5}.Debug|Any CPU.ActiveCfg = Debug|Any CPU
		{62040014-C81C-4E08-A9B4-9BE9986F09D5}.Debug|Any CPU.Build.0 = Debug|Any CPU
		{62040014-C81C-4E08-A9B4-9BE9986F09D5}.Release|Any CPU.ActiveCfg = Release|Any CPU
		{62040014-C81C-4E08-A9B4-9BE9986F09D5}.Release|Any CPU.Build.0 = Release|Any CPU
		{DB8722BD-F2F8-4312-8985-44C255F89FA5}.Debug|Any CPU.ActiveCfg = Debug|Any CPU
		{DB8722BD-F2F8-4312-8985-44C255F89FA5}.Debug|Any CPU.Build.0 = Debug|Any CPU
		{DB8722BD-F2F8-4312-8985-44C255F89FA5}.Release|Any CPU.ActiveCfg = Release|Any CPU
		{DB8722BD-F2F8-4312-8985-44C255F89FA5}.Release|Any CPU.Build.0 = Release|Any CPU
		{8F01B5FE-B3D1-40E1-8E87-F354EDF0430F}.Debug|Any CPU.ActiveCfg = Debug|Any CPU
		{8F01B5FE-B3D1-40E1-8E87-F354EDF0430F}.Debug|Any CPU.Build.0 = Debug|Any CPU
		{8F01B5FE-B3D1-40E1-8E87-F354EDF0430F}.Release|Any CPU.ActiveCfg = Release|Any CPU
		{8F01B5FE-B3D1-40E1-8E87-F354EDF0430F}.Release|Any CPU.Build.0 = Release|Any CPU
		{B0EE5656-536A-4574-80DD-DF43F4AE35FB}.Debug|Any CPU.ActiveCfg = Debug|Any CPU
		{B0EE5656-536A-4574-80DD-DF43F4AE35FB}.Debug|Any CPU.Build.0 = Debug|Any CPU
		{B0EE5656-536A-4574-80DD-DF43F4AE35FB}.Release|Any CPU.ActiveCfg = Release|Any CPU
		{B0EE5656-536A-4574-80DD-DF43F4AE35FB}.Release|Any CPU.Build.0 = Release|Any CPU
		{294AF716-DD62-460B-A4DD-8FAE72BD882A}.Debug|Any CPU.ActiveCfg = Debug|Any CPU
		{294AF716-DD62-460B-A4DD-8FAE72BD882A}.Debug|Any CPU.Build.0 = Debug|Any CPU
		{294AF716-DD62-460B-A4DD-8FAE72BD882A}.Release|Any CPU.ActiveCfg = Release|Any CPU
		{294AF716-DD62-460B-A4DD-8FAE72BD882A}.Release|Any CPU.Build.0 = Release|Any CPU
		{0D60F2E4-987C-4866-BA07-B6ECEF833963}.Debug|Any CPU.ActiveCfg = Debug|Any CPU
		{0D60F2E4-987C-4866-BA07-B6ECEF833963}.Debug|Any CPU.Build.0 = Debug|Any CPU
		{0D60F2E4-987C-4866-BA07-B6ECEF833963}.Release|Any CPU.ActiveCfg = Release|Any CPU
		{0D60F2E4-987C-4866-BA07-B6ECEF833963}.Release|Any CPU.Build.0 = Release|Any CPU
		{415EA82F-03CE-499A-AEC6-0C6D5E2954A6}.Debug|Any CPU.ActiveCfg = Debug|Any CPU
		{415EA82F-03CE-499A-AEC6-0C6D5E2954A6}.Debug|Any CPU.Build.0 = Debug|Any CPU
		{415EA82F-03CE-499A-AEC6-0C6D5E2954A6}.Release|Any CPU.ActiveCfg = Release|Any CPU
		{415EA82F-03CE-499A-AEC6-0C6D5E2954A6}.Release|Any CPU.Build.0 = Release|Any CPU
		{B2366CB0-2FBB-4D47-9E69-F31D29558D49}.Debug|Any CPU.ActiveCfg = Debug|Any CPU
		{B2366CB0-2FBB-4D47-9E69-F31D29558D49}.Debug|Any CPU.Build.0 = Debug|Any CPU
		{B2366CB0-2FBB-4D47-9E69-F31D29558D49}.Release|Any CPU.ActiveCfg = Release|Any CPU
		{B2366CB0-2FBB-4D47-9E69-F31D29558D49}.Release|Any CPU.Build.0 = Release|Any CPU
		{0804C663-0B3A-4F41-84F8-29560CE45D8E}.Debug|Any CPU.ActiveCfg = Debug|Any CPU
		{0804C663-0B3A-4F41-84F8-29560CE45D8E}.Debug|Any CPU.Build.0 = Debug|Any CPU
		{0804C663-0B3A-4F41-84F8-29560CE45D8E}.Release|Any CPU.ActiveCfg = Release|Any CPU
		{0804C663-0B3A-4F41-84F8-29560CE45D8E}.Release|Any CPU.Build.0 = Release|Any CPU
		{9F7E5501-972B-498B-A061-2B867EAF6BD5}.Debug|Any CPU.ActiveCfg = Debug|Any CPU
		{9F7E5501-972B-498B-A061-2B867EAF6BD5}.Debug|Any CPU.Build.0 = Debug|Any CPU
		{9F7E5501-972B-498B-A061-2B867EAF6BD5}.Release|Any CPU.ActiveCfg = Release|Any CPU
		{9F7E5501-972B-498B-A061-2B867EAF6BD5}.Release|Any CPU.Build.0 = Release|Any CPU
		{1FA06E27-605E-4C97-A9FD-9B9AEE71B950}.Debug|Any CPU.ActiveCfg = Debug|Any CPU
		{1FA06E27-605E-4C97-A9FD-9B9AEE71B950}.Debug|Any CPU.Build.0 = Debug|Any CPU
		{1FA06E27-605E-4C97-A9FD-9B9AEE71B950}.Release|Any CPU.ActiveCfg = Release|Any CPU
		{1FA06E27-605E-4C97-A9FD-9B9AEE71B950}.Release|Any CPU.Build.0 = Release|Any CPU
		{D67B378F-FC91-4940-AFF2-E21B5C2AF52E}.Debug|Any CPU.ActiveCfg = Debug|Any CPU
		{D67B378F-FC91-4940-AFF2-E21B5C2AF52E}.Debug|Any CPU.Build.0 = Debug|Any CPU
		{D67B378F-FC91-4940-AFF2-E21B5C2AF52E}.Release|Any CPU.ActiveCfg = Release|Any CPU
		{D67B378F-FC91-4940-AFF2-E21B5C2AF52E}.Release|Any CPU.Build.0 = Release|Any CPU
		{B6B840A0-924A-4C20-932D-84D4AD21439F}.Debug|Any CPU.ActiveCfg = Debug|Any CPU
		{B6B840A0-924A-4C20-932D-84D4AD21439F}.Debug|Any CPU.Build.0 = Debug|Any CPU
		{B6B840A0-924A-4C20-932D-84D4AD21439F}.Release|Any CPU.ActiveCfg = Release|Any CPU
		{B6B840A0-924A-4C20-932D-84D4AD21439F}.Release|Any CPU.Build.0 = Release|Any CPU
		{0438615B-5A9C-45A5-ACF3-EAC21148FCBE}.Debug|Any CPU.ActiveCfg = Debug|Any CPU
		{0438615B-5A9C-45A5-ACF3-EAC21148FCBE}.Debug|Any CPU.Build.0 = Debug|Any CPU
		{0438615B-5A9C-45A5-ACF3-EAC21148FCBE}.Release|Any CPU.ActiveCfg = Release|Any CPU
		{0438615B-5A9C-45A5-ACF3-EAC21148FCBE}.Release|Any CPU.Build.0 = Release|Any CPU
		{2CF192E2-AD20-4BF8-A9BB-22A2FC4CCE5C}.Debug|Any CPU.ActiveCfg = Debug|Any CPU
		{2CF192E2-AD20-4BF8-A9BB-22A2FC4CCE5C}.Debug|Any CPU.Build.0 = Debug|Any CPU
		{2CF192E2-AD20-4BF8-A9BB-22A2FC4CCE5C}.Release|Any CPU.ActiveCfg = Release|Any CPU
		{2CF192E2-AD20-4BF8-A9BB-22A2FC4CCE5C}.Release|Any CPU.Build.0 = Release|Any CPU
		{0173671E-55A8-45A6-8135-3AD465602B44}.Debug|Any CPU.ActiveCfg = Debug|Any CPU
		{0173671E-55A8-45A6-8135-3AD465602B44}.Debug|Any CPU.Build.0 = Debug|Any CPU
		{0173671E-55A8-45A6-8135-3AD465602B44}.Release|Any CPU.ActiveCfg = Release|Any CPU
		{0173671E-55A8-45A6-8135-3AD465602B44}.Release|Any CPU.Build.0 = Release|Any CPU
		{F4C4BFC5-FC71-4C73-8ED2-A91A85FC2385}.Debug|Any CPU.ActiveCfg = Debug|Any CPU
		{F4C4BFC5-FC71-4C73-8ED2-A91A85FC2385}.Debug|Any CPU.Build.0 = Debug|Any CPU
		{F4C4BFC5-FC71-4C73-8ED2-A91A85FC2385}.Release|Any CPU.ActiveCfg = Release|Any CPU
		{F4C4BFC5-FC71-4C73-8ED2-A91A85FC2385}.Release|Any CPU.Build.0 = Release|Any CPU
		{9B24E1F8-15B1-45F4-8F77-4DBB0DC3A892}.Debug|Any CPU.ActiveCfg = Debug|Any CPU
		{9B24E1F8-15B1-45F4-8F77-4DBB0DC3A892}.Debug|Any CPU.Build.0 = Debug|Any CPU
		{9B24E1F8-15B1-45F4-8F77-4DBB0DC3A892}.Release|Any CPU.ActiveCfg = Release|Any CPU
		{9B24E1F8-15B1-45F4-8F77-4DBB0DC3A892}.Release|Any CPU.Build.0 = Release|Any CPU
		{142696E7-12C0-421D-B0C1-E9A531E4A413}.Debug|Any CPU.ActiveCfg = Debug|Any CPU
		{142696E7-12C0-421D-B0C1-E9A531E4A413}.Debug|Any CPU.Build.0 = Debug|Any CPU
		{142696E7-12C0-421D-B0C1-E9A531E4A413}.Release|Any CPU.ActiveCfg = Release|Any CPU
		{142696E7-12C0-421D-B0C1-E9A531E4A413}.Release|Any CPU.Build.0 = Release|Any CPU
		{B8D99D8D-AF57-49D9-996E-D00E76DCEA10}.Debug|Any CPU.ActiveCfg = Debug|Any CPU
		{B8D99D8D-AF57-49D9-996E-D00E76DCEA10}.Debug|Any CPU.Build.0 = Debug|Any CPU
		{B8D99D8D-AF57-49D9-996E-D00E76DCEA10}.Release|Any CPU.ActiveCfg = Release|Any CPU
		{B8D99D8D-AF57-49D9-996E-D00E76DCEA10}.Release|Any CPU.Build.0 = Release|Any CPU
		{9A05F13E-8CA5-42CC-B42A-3ABE943AFF27}.Debug|Any CPU.ActiveCfg = Debug|Any CPU
		{9A05F13E-8CA5-42CC-B42A-3ABE943AFF27}.Debug|Any CPU.Build.0 = Debug|Any CPU
		{9A05F13E-8CA5-42CC-B42A-3ABE943AFF27}.Release|Any CPU.ActiveCfg = Release|Any CPU
		{9A05F13E-8CA5-42CC-B42A-3ABE943AFF27}.Release|Any CPU.Build.0 = Release|Any CPU
		{DD45A20A-EB5E-47AE-825E-5E308D20E394}.Debug|Any CPU.ActiveCfg = Debug|Any CPU
		{DD45A20A-EB5E-47AE-825E-5E308D20E394}.Debug|Any CPU.Build.0 = Debug|Any CPU
		{DD45A20A-EB5E-47AE-825E-5E308D20E394}.Release|Any CPU.ActiveCfg = Release|Any CPU
		{DD45A20A-EB5E-47AE-825E-5E308D20E394}.Release|Any CPU.Build.0 = Release|Any CPU
		{1BA25761-ABB7-4D0A-B263-695105B3C7B6}.Debug|Any CPU.ActiveCfg = Debug|Any CPU
		{1BA25761-ABB7-4D0A-B263-695105B3C7B6}.Debug|Any CPU.Build.0 = Debug|Any CPU
		{1BA25761-ABB7-4D0A-B263-695105B3C7B6}.Release|Any CPU.ActiveCfg = Release|Any CPU
		{1BA25761-ABB7-4D0A-B263-695105B3C7B6}.Release|Any CPU.Build.0 = Release|Any CPU
		{2F41E820-59A1-4D16-81EC-17922B0023A9}.Debug|Any CPU.ActiveCfg = Debug|Any CPU
		{2F41E820-59A1-4D16-81EC-17922B0023A9}.Debug|Any CPU.Build.0 = Debug|Any CPU
		{2F41E820-59A1-4D16-81EC-17922B0023A9}.Release|Any CPU.ActiveCfg = Release|Any CPU
		{2F41E820-59A1-4D16-81EC-17922B0023A9}.Release|Any CPU.Build.0 = Release|Any CPU
		{27746CCB-1247-489C-8344-742CE3C83D70}.Debug|Any CPU.ActiveCfg = Debug|Any CPU
		{27746CCB-1247-489C-8344-742CE3C83D70}.Debug|Any CPU.Build.0 = Debug|Any CPU
		{27746CCB-1247-489C-8344-742CE3C83D70}.Release|Any CPU.ActiveCfg = Release|Any CPU
		{27746CCB-1247-489C-8344-742CE3C83D70}.Release|Any CPU.Build.0 = Release|Any CPU
		{C4F2778D-1564-49EF-992C-5AEAA74AD668}.Debug|Any CPU.ActiveCfg = Debug|Any CPU
		{C4F2778D-1564-49EF-992C-5AEAA74AD668}.Debug|Any CPU.Build.0 = Debug|Any CPU
		{C4F2778D-1564-49EF-992C-5AEAA74AD668}.Release|Any CPU.ActiveCfg = Release|Any CPU
		{C4F2778D-1564-49EF-992C-5AEAA74AD668}.Release|Any CPU.Build.0 = Release|Any CPU
		{B5F5F404-C3B3-4332-9E4C-ADAFE59031DA}.Debug|Any CPU.ActiveCfg = Debug|Any CPU
		{B5F5F404-C3B3-4332-9E4C-ADAFE59031DA}.Debug|Any CPU.Build.0 = Debug|Any CPU
		{B5F5F404-C3B3-4332-9E4C-ADAFE59031DA}.Release|Any CPU.ActiveCfg = Release|Any CPU
		{B5F5F404-C3B3-4332-9E4C-ADAFE59031DA}.Release|Any CPU.Build.0 = Release|Any CPU
		{2B1A1515-5D30-49E5-A8C5-28041CBE5D23}.Debug|Any CPU.ActiveCfg = Debug|Any CPU
		{2B1A1515-5D30-49E5-A8C5-28041CBE5D23}.Debug|Any CPU.Build.0 = Debug|Any CPU
		{2B1A1515-5D30-49E5-A8C5-28041CBE5D23}.Release|Any CPU.ActiveCfg = Release|Any CPU
		{2B1A1515-5D30-49E5-A8C5-28041CBE5D23}.Release|Any CPU.Build.0 = Release|Any CPU
		{C129A1EE-DA10-42F9-A964-6D9F5C2DAA25}.Debug|Any CPU.ActiveCfg = Debug|Any CPU
		{C129A1EE-DA10-42F9-A964-6D9F5C2DAA25}.Debug|Any CPU.Build.0 = Debug|Any CPU
		{C129A1EE-DA10-42F9-A964-6D9F5C2DAA25}.Release|Any CPU.ActiveCfg = Release|Any CPU
		{C129A1EE-DA10-42F9-A964-6D9F5C2DAA25}.Release|Any CPU.Build.0 = Release|Any CPU
		{82D8DCBD-9C86-4C7B-92EA-3E44F8F7BF47}.Debug|Any CPU.ActiveCfg = Debug|Any CPU
		{82D8DCBD-9C86-4C7B-92EA-3E44F8F7BF47}.Debug|Any CPU.Build.0 = Debug|Any CPU
		{82D8DCBD-9C86-4C7B-92EA-3E44F8F7BF47}.Release|Any CPU.ActiveCfg = Release|Any CPU
		{82D8DCBD-9C86-4C7B-92EA-3E44F8F7BF47}.Release|Any CPU.Build.0 = Release|Any CPU
		{1DF9BCE4-EF32-4C85-B609-9ACDACA43ED6}.Debug|Any CPU.ActiveCfg = Debug|Any CPU
		{1DF9BCE4-EF32-4C85-B609-9ACDACA43ED6}.Debug|Any CPU.Build.0 = Debug|Any CPU
		{1DF9BCE4-EF32-4C85-B609-9ACDACA43ED6}.Release|Any CPU.ActiveCfg = Release|Any CPU
		{1DF9BCE4-EF32-4C85-B609-9ACDACA43ED6}.Release|Any CPU.Build.0 = Release|Any CPU
		{D3B1D61F-11EF-472A-94F1-DEB4FC8A4F43}.Debug|Any CPU.ActiveCfg = Debug|Any CPU
		{D3B1D61F-11EF-472A-94F1-DEB4FC8A4F43}.Debug|Any CPU.Build.0 = Debug|Any CPU
		{D3B1D61F-11EF-472A-94F1-DEB4FC8A4F43}.Release|Any CPU.ActiveCfg = Release|Any CPU
		{D3B1D61F-11EF-472A-94F1-DEB4FC8A4F43}.Release|Any CPU.Build.0 = Release|Any CPU
		{DEA48FBD-44F4-4500-AA0F-88937BA0969E}.Debug|Any CPU.ActiveCfg = Debug|Any CPU
		{DEA48FBD-44F4-4500-AA0F-88937BA0969E}.Debug|Any CPU.Build.0 = Debug|Any CPU
		{DEA48FBD-44F4-4500-AA0F-88937BA0969E}.Release|Any CPU.ActiveCfg = Release|Any CPU
		{DEA48FBD-44F4-4500-AA0F-88937BA0969E}.Release|Any CPU.Build.0 = Release|Any CPU
		{99E3CDF1-43FC-4E20-8061-DEAD2DF7992A}.Debug|Any CPU.ActiveCfg = Debug|Any CPU
		{99E3CDF1-43FC-4E20-8061-DEAD2DF7992A}.Debug|Any CPU.Build.0 = Debug|Any CPU
		{99E3CDF1-43FC-4E20-8061-DEAD2DF7992A}.Release|Any CPU.ActiveCfg = Release|Any CPU
		{99E3CDF1-43FC-4E20-8061-DEAD2DF7992A}.Release|Any CPU.Build.0 = Release|Any CPU
		{9005C7D8-B9EC-4502-B2AB-7489E70EB83E}.Debug|Any CPU.ActiveCfg = Debug|Any CPU
		{9005C7D8-B9EC-4502-B2AB-7489E70EB83E}.Debug|Any CPU.Build.0 = Debug|Any CPU
		{9005C7D8-B9EC-4502-B2AB-7489E70EB83E}.Release|Any CPU.ActiveCfg = Release|Any CPU
		{9005C7D8-B9EC-4502-B2AB-7489E70EB83E}.Release|Any CPU.Build.0 = Release|Any CPU
		{DA4FBA0E-1E8B-43F4-AFB3-818C68EA66D3}.Debug|Any CPU.ActiveCfg = Debug|Any CPU
		{DA4FBA0E-1E8B-43F4-AFB3-818C68EA66D3}.Debug|Any CPU.Build.0 = Debug|Any CPU
		{DA4FBA0E-1E8B-43F4-AFB3-818C68EA66D3}.Release|Any CPU.ActiveCfg = Release|Any CPU
		{DA4FBA0E-1E8B-43F4-AFB3-818C68EA66D3}.Release|Any CPU.Build.0 = Release|Any CPU
		{AE32D8D9-F07F-46BE-AB28-0CB89644CB60}.Debug|Any CPU.ActiveCfg = Debug|Any CPU
		{AE32D8D9-F07F-46BE-AB28-0CB89644CB60}.Debug|Any CPU.Build.0 = Debug|Any CPU
		{AE32D8D9-F07F-46BE-AB28-0CB89644CB60}.Release|Any CPU.ActiveCfg = Release|Any CPU
		{AE32D8D9-F07F-46BE-AB28-0CB89644CB60}.Release|Any CPU.Build.0 = Release|Any CPU
		{1EDE37C5-D404-4BE8-B80A-B14EE4C76054}.Debug|Any CPU.ActiveCfg = Debug|Any CPU
		{1EDE37C5-D404-4BE8-B80A-B14EE4C76054}.Debug|Any CPU.Build.0 = Debug|Any CPU
		{1EDE37C5-D404-4BE8-B80A-B14EE4C76054}.Release|Any CPU.ActiveCfg = Release|Any CPU
		{1EDE37C5-D404-4BE8-B80A-B14EE4C76054}.Release|Any CPU.Build.0 = Release|Any CPU
		{68C63C38-43CB-437C-AAF1-7BF8150FB8D9}.Debug|Any CPU.ActiveCfg = Debug|Any CPU
		{68C63C38-43CB-437C-AAF1-7BF8150FB8D9}.Debug|Any CPU.Build.0 = Debug|Any CPU
		{68C63C38-43CB-437C-AAF1-7BF8150FB8D9}.Release|Any CPU.ActiveCfg = Release|Any CPU
		{68C63C38-43CB-437C-AAF1-7BF8150FB8D9}.Release|Any CPU.Build.0 = Release|Any CPU
		{A4865BF9-8946-4BA7-BB3B-0519CC25D84F}.Debug|Any CPU.ActiveCfg = Debug|Any CPU
		{A4865BF9-8946-4BA7-BB3B-0519CC25D84F}.Debug|Any CPU.Build.0 = Debug|Any CPU
		{A4865BF9-8946-4BA7-BB3B-0519CC25D84F}.Release|Any CPU.ActiveCfg = Release|Any CPU
		{A4865BF9-8946-4BA7-BB3B-0519CC25D84F}.Release|Any CPU.Build.0 = Release|Any CPU
		{45E9C9C4-6644-40DB-A9B8-11F8F1E22963}.Debug|Any CPU.ActiveCfg = Debug|Any CPU
		{45E9C9C4-6644-40DB-A9B8-11F8F1E22963}.Debug|Any CPU.Build.0 = Debug|Any CPU
		{45E9C9C4-6644-40DB-A9B8-11F8F1E22963}.Release|Any CPU.ActiveCfg = Release|Any CPU
		{45E9C9C4-6644-40DB-A9B8-11F8F1E22963}.Release|Any CPU.Build.0 = Release|Any CPU
		{0672C274-6ABA-41E0-8BD2-7A6456B2FD9A}.Debug|Any CPU.ActiveCfg = Debug|Any CPU
		{0672C274-6ABA-41E0-8BD2-7A6456B2FD9A}.Debug|Any CPU.Build.0 = Debug|Any CPU
		{0672C274-6ABA-41E0-8BD2-7A6456B2FD9A}.Release|Any CPU.ActiveCfg = Release|Any CPU
		{0672C274-6ABA-41E0-8BD2-7A6456B2FD9A}.Release|Any CPU.Build.0 = Release|Any CPU
		{81C6C489-4FF5-467C-8D2C-16F23E50EC74}.Debug|Any CPU.ActiveCfg = Debug|Any CPU
		{81C6C489-4FF5-467C-8D2C-16F23E50EC74}.Debug|Any CPU.Build.0 = Debug|Any CPU
		{81C6C489-4FF5-467C-8D2C-16F23E50EC74}.Release|Any CPU.ActiveCfg = Release|Any CPU
		{81C6C489-4FF5-467C-8D2C-16F23E50EC74}.Release|Any CPU.Build.0 = Release|Any CPU
		{E075E686-6524-4A26-A9A8-85295151224F}.Debug|Any CPU.ActiveCfg = Debug|Any CPU
		{E075E686-6524-4A26-A9A8-85295151224F}.Debug|Any CPU.Build.0 = Debug|Any CPU
		{E075E686-6524-4A26-A9A8-85295151224F}.Release|Any CPU.ActiveCfg = Release|Any CPU
		{E075E686-6524-4A26-A9A8-85295151224F}.Release|Any CPU.Build.0 = Release|Any CPU
		{0C48F946-41C0-41A8-B030-42D6C78162F2}.Debug|Any CPU.ActiveCfg = Debug|Any CPU
		{0C48F946-41C0-41A8-B030-42D6C78162F2}.Debug|Any CPU.Build.0 = Debug|Any CPU
		{0C48F946-41C0-41A8-B030-42D6C78162F2}.Release|Any CPU.ActiveCfg = Release|Any CPU
		{0C48F946-41C0-41A8-B030-42D6C78162F2}.Release|Any CPU.Build.0 = Release|Any CPU
		{A0BF98DC-1CF9-4204-8CCE-F5A7CFF0CA84}.Debug|Any CPU.ActiveCfg = Debug|Any CPU
		{A0BF98DC-1CF9-4204-8CCE-F5A7CFF0CA84}.Debug|Any CPU.Build.0 = Debug|Any CPU
		{A0BF98DC-1CF9-4204-8CCE-F5A7CFF0CA84}.Release|Any CPU.ActiveCfg = Release|Any CPU
		{A0BF98DC-1CF9-4204-8CCE-F5A7CFF0CA84}.Release|Any CPU.Build.0 = Release|Any CPU
		{E3EF7D79-1CF7-47CA-819A-F91C7FAA3FA7}.Debug|Any CPU.ActiveCfg = Debug|Any CPU
		{E3EF7D79-1CF7-47CA-819A-F91C7FAA3FA7}.Debug|Any CPU.Build.0 = Debug|Any CPU
		{E3EF7D79-1CF7-47CA-819A-F91C7FAA3FA7}.Release|Any CPU.ActiveCfg = Release|Any CPU
		{E3EF7D79-1CF7-47CA-819A-F91C7FAA3FA7}.Release|Any CPU.Build.0 = Release|Any CPU
		{01D5A620-22FE-409C-9A15-960DD01740C1}.Debug|Any CPU.ActiveCfg = Debug|Any CPU
		{01D5A620-22FE-409C-9A15-960DD01740C1}.Debug|Any CPU.Build.0 = Debug|Any CPU
		{01D5A620-22FE-409C-9A15-960DD01740C1}.Release|Any CPU.ActiveCfg = Release|Any CPU
		{01D5A620-22FE-409C-9A15-960DD01740C1}.Release|Any CPU.Build.0 = Release|Any CPU
		{1B09742E-BE8A-4E6D-8433-05EB678E1C92}.Debug|Any CPU.ActiveCfg = Debug|Any CPU
		{1B09742E-BE8A-4E6D-8433-05EB678E1C92}.Debug|Any CPU.Build.0 = Debug|Any CPU
		{1B09742E-BE8A-4E6D-8433-05EB678E1C92}.Release|Any CPU.ActiveCfg = Release|Any CPU
		{1B09742E-BE8A-4E6D-8433-05EB678E1C92}.Release|Any CPU.Build.0 = Release|Any CPU
		{F7C4C904-52F2-481B-B55C-F4F77C2C6CC8}.Debug|Any CPU.ActiveCfg = Debug|Any CPU
		{F7C4C904-52F2-481B-B55C-F4F77C2C6CC8}.Debug|Any CPU.Build.0 = Debug|Any CPU
		{F7C4C904-52F2-481B-B55C-F4F77C2C6CC8}.Release|Any CPU.ActiveCfg = Release|Any CPU
		{F7C4C904-52F2-481B-B55C-F4F77C2C6CC8}.Release|Any CPU.Build.0 = Release|Any CPU
		{8EF13CCE-08D2-43F1-B470-AA05B11D2DDF}.Debug|Any CPU.ActiveCfg = Debug|Any CPU
		{8EF13CCE-08D2-43F1-B470-AA05B11D2DDF}.Debug|Any CPU.Build.0 = Debug|Any CPU
		{8EF13CCE-08D2-43F1-B470-AA05B11D2DDF}.Release|Any CPU.ActiveCfg = Release|Any CPU
		{8EF13CCE-08D2-43F1-B470-AA05B11D2DDF}.Release|Any CPU.Build.0 = Release|Any CPU
		{0CB22466-09EF-4718-8D1F-73DBB9CC3DBC}.Debug|Any CPU.ActiveCfg = Debug|Any CPU
		{0CB22466-09EF-4718-8D1F-73DBB9CC3DBC}.Debug|Any CPU.Build.0 = Debug|Any CPU
		{0CB22466-09EF-4718-8D1F-73DBB9CC3DBC}.Release|Any CPU.ActiveCfg = Release|Any CPU
		{0CB22466-09EF-4718-8D1F-73DBB9CC3DBC}.Release|Any CPU.Build.0 = Release|Any CPU
	EndGlobalSection
	GlobalSection(SolutionProperties) = preSolution
		HideSolutionNode = FALSE
	EndGlobalSection
	GlobalSection(NestedProjects) = preSolution
		{8C603EFA-9A58-4B06-9443-E197E6E46B87} = {47863C65-BB5A-4606-9677-2B319D52E9EE}
		{BB0DEB42-6D49-457E-9F54-D36A13D42BA3} = {47863C65-BB5A-4606-9677-2B319D52E9EE}
		{C475D876-6DC6-41CC-AE9F-990B55326DBD} = {47863C65-BB5A-4606-9677-2B319D52E9EE}
		{1D55A1EE-3930-4FE9-91C7-A4F9D94E1773} = {47863C65-BB5A-4606-9677-2B319D52E9EE}
		{62040014-C81C-4E08-A9B4-9BE9986F09D5} = {8DB10973-89AF-46BE-882C-88DF47CE73B8}
		{DB8722BD-F2F8-4312-8985-44C255F89FA5} = {BD042EEC-2B09-4ACA-8281-2DD60884886B}
		{8F01B5FE-B3D1-40E1-8E87-F354EDF0430F} = {BD042EEC-2B09-4ACA-8281-2DD60884886B}
		{B0EE5656-536A-4574-80DD-DF43F4AE35FB} = {BD042EEC-2B09-4ACA-8281-2DD60884886B}
		{294AF716-DD62-460B-A4DD-8FAE72BD882A} = {F2EC2426-9609-48FF-9C98-F2D2804D5E72}
		{0D60F2E4-987C-4866-BA07-B6ECEF833963} = {F2EC2426-9609-48FF-9C98-F2D2804D5E72}
		{415EA82F-03CE-499A-AEC6-0C6D5E2954A6} = {33F0AFDC-8B50-4734-AC67-846EE31387FB}
		{B2366CB0-2FBB-4D47-9E69-F31D29558D49} = {FC38DEEA-FD81-49EE-86CF-E2D158DA4318}
		{0804C663-0B3A-4F41-84F8-29560CE45D8E} = {FC38DEEA-FD81-49EE-86CF-E2D158DA4318}
		{9F7E5501-972B-498B-A061-2B867EAF6BD5} = {DFAE8CCF-5CC9-418C-9B3C-DAB11D598F0F}
		{1FA06E27-605E-4C97-A9FD-9B9AEE71B950} = {DFAE8CCF-5CC9-418C-9B3C-DAB11D598F0F}
		{D67B378F-FC91-4940-AFF2-E21B5C2AF52E} = {DFAE8CCF-5CC9-418C-9B3C-DAB11D598F0F}
		{B6B840A0-924A-4C20-932D-84D4AD21439F} = {DFAE8CCF-5CC9-418C-9B3C-DAB11D598F0F}
		{0438615B-5A9C-45A5-ACF3-EAC21148FCBE} = {420E0AD8-BE55-4972-A227-050D8A78CEC6}
		{2CF192E2-AD20-4BF8-A9BB-22A2FC4CCE5C} = {8DB10973-89AF-46BE-882C-88DF47CE73B8}
		{0173671E-55A8-45A6-8135-3AD465602B44} = {8346EB98-46B7-415C-A8F0-000FFA6673DF}
		{F4C4BFC5-FC71-4C73-8ED2-A91A85FC2385} = {8346EB98-46B7-415C-A8F0-000FFA6673DF}
		{9B24E1F8-15B1-45F4-8F77-4DBB0DC3A892} = {712D8985-4E33-437C-BDBB-7A2629B2065D}
		{142696E7-12C0-421D-B0C1-E9A531E4A413} = {712D8985-4E33-437C-BDBB-7A2629B2065D}
		{B8D99D8D-AF57-49D9-996E-D00E76DCEA10} = {712D8985-4E33-437C-BDBB-7A2629B2065D}
		{9A05F13E-8CA5-42CC-B42A-3ABE943AFF27} = {712D8985-4E33-437C-BDBB-7A2629B2065D}
		{DD45A20A-EB5E-47AE-825E-5E308D20E394} = {BD042EEC-2B09-4ACA-8281-2DD60884886B}
		{1BA25761-ABB7-4D0A-B263-695105B3C7B6} = {49268C95-C4C9-4826-A12D-680379CBFB0F}
		{2F41E820-59A1-4D16-81EC-17922B0023A9} = {49268C95-C4C9-4826-A12D-680379CBFB0F}
		{27746CCB-1247-489C-8344-742CE3C83D70} = {49268C95-C4C9-4826-A12D-680379CBFB0F}
		{C4F2778D-1564-49EF-992C-5AEAA74AD668} = {49268C95-C4C9-4826-A12D-680379CBFB0F}
		{B5F5F404-C3B3-4332-9E4C-ADAFE59031DA} = {FC38DEEA-FD81-49EE-86CF-E2D158DA4318}
		{2B1A1515-5D30-49E5-A8C5-28041CBE5D23} = {BD042EEC-2B09-4ACA-8281-2DD60884886B}
		{C129A1EE-DA10-42F9-A964-6D9F5C2DAA25} = {420E0AD8-BE55-4972-A227-050D8A78CEC6}
		{82D8DCBD-9C86-4C7B-92EA-3E44F8F7BF47} = {FC38DEEA-FD81-49EE-86CF-E2D158DA4318}
		{1DF9BCE4-EF32-4C85-B609-9ACDACA43ED6} = {9DBA3402-0D65-4538-A870-1D277010F40E}
		{D3B1D61F-11EF-472A-94F1-DEB4FC8A4F43} = {9DBA3402-0D65-4538-A870-1D277010F40E}
		{DEA48FBD-44F4-4500-AA0F-88937BA0969E} = {9DBA3402-0D65-4538-A870-1D277010F40E}
		{99E3CDF1-43FC-4E20-8061-DEAD2DF7992A} = {9DBA3402-0D65-4538-A870-1D277010F40E}
		{9005C7D8-B9EC-4502-B2AB-7489E70EB83E} = {712D8985-4E33-437C-BDBB-7A2629B2065D}
		{DA4FBA0E-1E8B-43F4-AFB3-818C68EA66D3} = {712D8985-4E33-437C-BDBB-7A2629B2065D}
		{AE32D8D9-F07F-46BE-AB28-0CB89644CB60} = {712D8985-4E33-437C-BDBB-7A2629B2065D}
		{1EDE37C5-D404-4BE8-B80A-B14EE4C76054} = {712D8985-4E33-437C-BDBB-7A2629B2065D}
		{68C63C38-43CB-437C-AAF1-7BF8150FB8D9} = {F3332CE6-17B2-462C-AA5B-BB6D3CE11F12}
		{A4865BF9-8946-4BA7-BB3B-0519CC25D84F} = {F3332CE6-17B2-462C-AA5B-BB6D3CE11F12}
		{45E9C9C4-6644-40DB-A9B8-11F8F1E22963} = {92DBBE8B-0F00-48C5-8E5C-54A08E390F37}
		{0672C274-6ABA-41E0-8BD2-7A6456B2FD9A} = {BD2A6845-614A-46D4-9C83-E8268E09FAA3}
		{81C6C489-4FF5-467C-8D2C-16F23E50EC74} = {83631B37-17EA-4565-ABCC-C8FFC4C5F728}
		{E075E686-6524-4A26-A9A8-85295151224F} = {C653D15D-8F7A-4918-843D-DF2A53A20A56}
		{0C48F946-41C0-41A8-B030-42D6C78162F2} = {0226F319-A358-46B5-ABFF-043CA3E91F75}
		{A0BF98DC-1CF9-4204-8CCE-F5A7CFF0CA84} = {25488A58-62B2-4B7F-95FA-233B26A3C370}
		{E3EF7D79-1CF7-47CA-819A-F91C7FAA3FA7} = {72A0EBF9-D732-4993-9F61-1915D6095837}
		{01D5A620-22FE-409C-9A15-960DD01740C1} = {72A0EBF9-D732-4993-9F61-1915D6095837}
		{1B09742E-BE8A-4E6D-8433-05EB678E1C92} = {A2FB4D6A-15B9-4FB8-B809-5D953D8BB84B}
		{F7C4C904-52F2-481B-B55C-F4F77C2C6CC8} = {8F6A4123-7050-42C8-BDEB-AF99BFB25A00}
		{8EF13CCE-08D2-43F1-B470-AA05B11D2DDF} = {8F6A4123-7050-42C8-BDEB-AF99BFB25A00}
		{0CB22466-09EF-4718-8D1F-73DBB9CC3DBC} = {8F6A4123-7050-42C8-BDEB-AF99BFB25A00}
	EndGlobalSection
	GlobalSection(ExtensibilityGlobals) = postSolution
		SolutionGuid = {C5230236-959F-46F7-85A7-E22F0BD44887}
	EndGlobalSection
EndGlobal
